// !$*UTF8*$!
{
	archiveVersion = 1;
	classes = {
	};
	objectVersion = 46;
	objects = {

/* Begin PBXBuildFile section */
		2229B4E61F7404490093D884 /* MITabBarViewController.m in Sources */ = {isa = PBXBuildFile; fileRef = 2229B4E51F7404490093D884 /* MITabBarViewController.m */; };
		2229B4E91F7404770093D884 /* MIHomeViewController.m in Sources */ = {isa = PBXBuildFile; fileRef = 2229B4E81F7404770093D884 /* MIHomeViewController.m */; };
		2229B4EC1F74048E0093D884 /* MIIstoViewController.m in Sources */ = {isa = PBXBuildFile; fileRef = 2229B4EB1F74048E0093D884 /* MIIstoViewController.m */; };
		2229B4EF1F7404BF0093D884 /* MIsearchViewController.m in Sources */ = {isa = PBXBuildFile; fileRef = 2229B4EE1F7404BF0093D884 /* MIsearchViewController.m */; };
		2229B4F21F7404D20093D884 /* MIWardrobeViewController.m in Sources */ = {isa = PBXBuildFile; fileRef = 2229B4F11F7404D20093D884 /* MIWardrobeViewController.m */; };
		2229B4F51F7404E80093D884 /* MIMenuViewController.m in Sources */ = {isa = PBXBuildFile; fileRef = 2229B4F41F7404E80093D884 /* MIMenuViewController.m */; };
		2229B4F71F7405070093D884 /* MITabBarStoryboard.storyboard in Resources */ = {isa = PBXBuildFile; fileRef = 2229B4F61F7405070093D884 /* MITabBarStoryboard.storyboard */; };
		2229B4FB1F74053C0093D884 /* MIHomeIstoPostTableViewCell.m in Sources */ = {isa = PBXBuildFile; fileRef = 2229B4F91F74053C0093D884 /* MIHomeIstoPostTableViewCell.m */; };
		2229B4FC1F74053C0093D884 /* MIHomeIstoPostTableViewCell.xib in Resources */ = {isa = PBXBuildFile; fileRef = 2229B4FA1F74053C0093D884 /* MIHomeIstoPostTableViewCell.xib */; };
		2229B5281F7775A70093D884 /* FLAnimatedImageView+WebCache.m in Sources */ = {isa = PBXBuildFile; fileRef = 2229B5001F7775A70093D884 /* FLAnimatedImageView+WebCache.m */; };
		2229B5291F7775A70093D884 /* MKAnnotationView+WebCache.m in Sources */ = {isa = PBXBuildFile; fileRef = 2229B5021F7775A70093D884 /* MKAnnotationView+WebCache.m */; };
		2229B52A1F7775A70093D884 /* NSData+ImageContentType.m in Sources */ = {isa = PBXBuildFile; fileRef = 2229B5041F7775A70093D884 /* NSData+ImageContentType.m */; };
		2229B52B1F7775A70093D884 /* NSImage+WebCache.m in Sources */ = {isa = PBXBuildFile; fileRef = 2229B5061F7775A70093D884 /* NSImage+WebCache.m */; };
		2229B52C1F7775A70093D884 /* SDImageCache.m in Sources */ = {isa = PBXBuildFile; fileRef = 2229B5081F7775A70093D884 /* SDImageCache.m */; };
		2229B52D1F7775A70093D884 /* SDImageCacheConfig.m in Sources */ = {isa = PBXBuildFile; fileRef = 2229B50A1F7775A70093D884 /* SDImageCacheConfig.m */; };
		2229B52E1F7775A70093D884 /* SDWebImageCompat.m in Sources */ = {isa = PBXBuildFile; fileRef = 2229B50C1F7775A70093D884 /* SDWebImageCompat.m */; };
		2229B52F1F7775A70093D884 /* SDWebImageDecoder.m in Sources */ = {isa = PBXBuildFile; fileRef = 2229B50E1F7775A70093D884 /* SDWebImageDecoder.m */; };
		2229B5301F7775A70093D884 /* SDWebImageDownloader.m in Sources */ = {isa = PBXBuildFile; fileRef = 2229B5101F7775A70093D884 /* SDWebImageDownloader.m */; };
		2229B5311F7775A70093D884 /* SDWebImageDownloaderOperation.m in Sources */ = {isa = PBXBuildFile; fileRef = 2229B5121F7775A70093D884 /* SDWebImageDownloaderOperation.m */; };
		2229B5321F7775A70093D884 /* SDWebImageManager.m in Sources */ = {isa = PBXBuildFile; fileRef = 2229B5141F7775A70093D884 /* SDWebImageManager.m */; };
		2229B5331F7775A70093D884 /* SDWebImagePrefetcher.m in Sources */ = {isa = PBXBuildFile; fileRef = 2229B5171F7775A70093D884 /* SDWebImagePrefetcher.m */; };
		2229B5341F7775A70093D884 /* UIButton+WebCache.m in Sources */ = {isa = PBXBuildFile; fileRef = 2229B5191F7775A70093D884 /* UIButton+WebCache.m */; };
		2229B5351F7775A70093D884 /* UIImage+GIF.m in Sources */ = {isa = PBXBuildFile; fileRef = 2229B51B1F7775A70093D884 /* UIImage+GIF.m */; };
		2229B5361F7775A70093D884 /* UIImage+MultiFormat.m in Sources */ = {isa = PBXBuildFile; fileRef = 2229B51D1F7775A70093D884 /* UIImage+MultiFormat.m */; };
		2229B5371F7775A70093D884 /* UIImage+WebP.m in Sources */ = {isa = PBXBuildFile; fileRef = 2229B51F1F7775A70093D884 /* UIImage+WebP.m */; };
		2229B5381F7775A70093D884 /* UIImageView+HighlightedWebCache.m in Sources */ = {isa = PBXBuildFile; fileRef = 2229B5211F7775A70093D884 /* UIImageView+HighlightedWebCache.m */; };
		2229B5391F7775A70093D884 /* UIImageView+WebCache.m in Sources */ = {isa = PBXBuildFile; fileRef = 2229B5231F7775A70093D884 /* UIImageView+WebCache.m */; };
		2229B53A1F7775A70093D884 /* UIView+WebCache.m in Sources */ = {isa = PBXBuildFile; fileRef = 2229B5251F7775A70093D884 /* UIView+WebCache.m */; };
		2229B53B1F7775A70093D884 /* UIView+WebCacheOperation.m in Sources */ = {isa = PBXBuildFile; fileRef = 2229B5271F7775A70093D884 /* UIView+WebCacheOperation.m */; };
		2229B53F1F7780EF0093D884 /* MIFinalLookPictureCell.m in Sources */ = {isa = PBXBuildFile; fileRef = 2229B53D1F7780EF0093D884 /* MIFinalLookPictureCell.m */; };
		2229B5401F7780EF0093D884 /* MIFinalLookPictureCell.xib in Resources */ = {isa = PBXBuildFile; fileRef = 2229B53E1F7780EF0093D884 /* MIFinalLookPictureCell.xib */; };
		2229B5491F7786C20093D884 /* MIWhatAreYouWearingCell.m in Sources */ = {isa = PBXBuildFile; fileRef = 2229B5471F7786C20093D884 /* MIWhatAreYouWearingCell.m */; };
		2229B54A1F7786C20093D884 /* MIWhatAreYouWearingCell.xib in Resources */ = {isa = PBXBuildFile; fileRef = 2229B5481F7786C20093D884 /* MIWhatAreYouWearingCell.xib */; };
		2229B54E1F7786DB0093D884 /* MIWhereAreYouGoingCell.m in Sources */ = {isa = PBXBuildFile; fileRef = 2229B54C1F7786DB0093D884 /* MIWhereAreYouGoingCell.m */; };
		2229B54F1F7786DB0093D884 /* MIWhereAreYouGoingCell.xib in Resources */ = {isa = PBXBuildFile; fileRef = 2229B54D1F7786DB0093D884 /* MIWhereAreYouGoingCell.xib */; };
		2229B5531F7786FA0093D884 /* MIWhomAreYourMeetingCell.m in Sources */ = {isa = PBXBuildFile; fileRef = 2229B5511F7786FA0093D884 /* MIWhomAreYourMeetingCell.m */; };
		2229B5541F7786FA0093D884 /* MIWhomAreYourMeetingCell.xib in Resources */ = {isa = PBXBuildFile; fileRef = 2229B5521F7786FA0093D884 /* MIWhomAreYourMeetingCell.xib */; };
		223C07221F7BCB5200328974 /* MIWardrobeListTableViewCell.m in Sources */ = {isa = PBXBuildFile; fileRef = 223C07201F7BCB5200328974 /* MIWardrobeListTableViewCell.m */; };
		223C07231F7BCB5200328974 /* MIWardrobeListTableViewCell.xib in Resources */ = {isa = PBXBuildFile; fileRef = 223C07211F7BCB5200328974 /* MIWardrobeListTableViewCell.xib */; };
		223C07271F7BCC3900328974 /* MIWardrobeIndividualView.m in Sources */ = {isa = PBXBuildFile; fileRef = 223C07261F7BCC3900328974 /* MIWardrobeIndividualView.m */; };
		223C07291F7BCD2300328974 /* MIWardrobeIndividualView.xib in Resources */ = {isa = PBXBuildFile; fileRef = 223C07281F7BCD2300328974 /* MIWardrobeIndividualView.xib */; };
		223C072C1F7BCE1600328974 /* MIWardrobeTableHeaderView.m in Sources */ = {isa = PBXBuildFile; fileRef = 223C072B1F7BCE1600328974 /* MIWardrobeTableHeaderView.m */; };
		223C072E1F7BCE2900328974 /* MIWardrobeTableHeaderView.xib in Resources */ = {isa = PBXBuildFile; fileRef = 223C072D1F7BCE2900328974 /* MIWardrobeTableHeaderView.xib */; };
		223C07321F7BDB4800328974 /* MIWardrobeIndividualData.m in Sources */ = {isa = PBXBuildFile; fileRef = 223C07311F7BDB4800328974 /* MIWardrobeIndividualData.m */; };
		22542FC61F72AB1F00710D92 /* main.m in Sources */ = {isa = PBXBuildFile; fileRef = 22542FC51F72AB1F00710D92 /* main.m */; };
		22542FC91F72AB1F00710D92 /* AppDelegate.m in Sources */ = {isa = PBXBuildFile; fileRef = 22542FC81F72AB1F00710D92 /* AppDelegate.m */; };
		22542FD11F72AB1F00710D92 /* Assets.xcassets in Resources */ = {isa = PBXBuildFile; fileRef = 22542FD01F72AB1F00710D92 /* Assets.xcassets */; };
		22542FD41F72AB1F00710D92 /* LaunchScreen.storyboard in Resources */ = {isa = PBXBuildFile; fileRef = 22542FD21F72AB1F00710D92 /* LaunchScreen.storyboard */; };
		225430061F72AE6300710D92 /* MILandingViewController.m in Sources */ = {isa = PBXBuildFile; fileRef = 225430011F72AE6300710D92 /* MILandingViewController.m */; };
		225430071F72AE6300710D92 /* MISignInViewController.m in Sources */ = {isa = PBXBuildFile; fileRef = 225430031F72AE6300710D92 /* MISignInViewController.m */; };
		225430081F72AE6300710D92 /* MISignUpViewController.m in Sources */ = {isa = PBXBuildFile; fileRef = 225430051F72AE6300710D92 /* MISignUpViewController.m */; };
		2254300D1F72AEA200710D92 /* MILoginStoryboard.storyboard in Resources */ = {isa = PBXBuildFile; fileRef = 2254300C1F72AEA200710D92 /* MILoginStoryboard.storyboard */; };
/* End PBXBuildFile section */

/* Begin PBXFileReference section */
		2229B4E41F7404490093D884 /* MITabBarViewController.h */ = {isa = PBXFileReference; fileEncoding = 4; lastKnownFileType = sourcecode.c.h; path = MITabBarViewController.h; sourceTree = "<group>"; };
		2229B4E51F7404490093D884 /* MITabBarViewController.m */ = {isa = PBXFileReference; fileEncoding = 4; lastKnownFileType = sourcecode.c.objc; path = MITabBarViewController.m; sourceTree = "<group>"; };
		2229B4E71F7404770093D884 /* MIHomeViewController.h */ = {isa = PBXFileReference; fileEncoding = 4; lastKnownFileType = sourcecode.c.h; path = MIHomeViewController.h; sourceTree = "<group>"; };
		2229B4E81F7404770093D884 /* MIHomeViewController.m */ = {isa = PBXFileReference; fileEncoding = 4; lastKnownFileType = sourcecode.c.objc; path = MIHomeViewController.m; sourceTree = "<group>"; };
		2229B4EA1F74048E0093D884 /* MIIstoViewController.h */ = {isa = PBXFileReference; fileEncoding = 4; lastKnownFileType = sourcecode.c.h; path = MIIstoViewController.h; sourceTree = "<group>"; };
		2229B4EB1F74048E0093D884 /* MIIstoViewController.m */ = {isa = PBXFileReference; fileEncoding = 4; lastKnownFileType = sourcecode.c.objc; path = MIIstoViewController.m; sourceTree = "<group>"; };
		2229B4ED1F7404BF0093D884 /* MIsearchViewController.h */ = {isa = PBXFileReference; fileEncoding = 4; lastKnownFileType = sourcecode.c.h; path = MIsearchViewController.h; sourceTree = "<group>"; };
		2229B4EE1F7404BF0093D884 /* MIsearchViewController.m */ = {isa = PBXFileReference; fileEncoding = 4; lastKnownFileType = sourcecode.c.objc; path = MIsearchViewController.m; sourceTree = "<group>"; };
		2229B4F01F7404D20093D884 /* MIWardrobeViewController.h */ = {isa = PBXFileReference; fileEncoding = 4; lastKnownFileType = sourcecode.c.h; path = MIWardrobeViewController.h; sourceTree = "<group>"; };
		2229B4F11F7404D20093D884 /* MIWardrobeViewController.m */ = {isa = PBXFileReference; fileEncoding = 4; lastKnownFileType = sourcecode.c.objc; path = MIWardrobeViewController.m; sourceTree = "<group>"; };
		2229B4F31F7404E80093D884 /* MIMenuViewController.h */ = {isa = PBXFileReference; fileEncoding = 4; lastKnownFileType = sourcecode.c.h; path = MIMenuViewController.h; sourceTree = "<group>"; };
		2229B4F41F7404E80093D884 /* MIMenuViewController.m */ = {isa = PBXFileReference; fileEncoding = 4; lastKnownFileType = sourcecode.c.objc; path = MIMenuViewController.m; sourceTree = "<group>"; };
		2229B4F61F7405070093D884 /* MITabBarStoryboard.storyboard */ = {isa = PBXFileReference; fileEncoding = 4; lastKnownFileType = file.storyboard; path = MITabBarStoryboard.storyboard; sourceTree = "<group>"; };
		2229B4F81F74053C0093D884 /* MIHomeIstoPostTableViewCell.h */ = {isa = PBXFileReference; fileEncoding = 4; lastKnownFileType = sourcecode.c.h; path = MIHomeIstoPostTableViewCell.h; sourceTree = "<group>"; };
		2229B4F91F74053C0093D884 /* MIHomeIstoPostTableViewCell.m */ = {isa = PBXFileReference; fileEncoding = 4; lastKnownFileType = sourcecode.c.objc; path = MIHomeIstoPostTableViewCell.m; sourceTree = "<group>"; };
		2229B4FA1F74053C0093D884 /* MIHomeIstoPostTableViewCell.xib */ = {isa = PBXFileReference; fileEncoding = 4; lastKnownFileType = file.xib; path = MIHomeIstoPostTableViewCell.xib; sourceTree = "<group>"; };
		2229B4FF1F7775A70093D884 /* FLAnimatedImageView+WebCache.h */ = {isa = PBXFileReference; fileEncoding = 4; lastKnownFileType = sourcecode.c.h; path = "FLAnimatedImageView+WebCache.h"; sourceTree = "<group>"; };
		2229B5001F7775A70093D884 /* FLAnimatedImageView+WebCache.m */ = {isa = PBXFileReference; fileEncoding = 4; lastKnownFileType = sourcecode.c.objc; path = "FLAnimatedImageView+WebCache.m"; sourceTree = "<group>"; };
		2229B5011F7775A70093D884 /* MKAnnotationView+WebCache.h */ = {isa = PBXFileReference; fileEncoding = 4; lastKnownFileType = sourcecode.c.h; path = "MKAnnotationView+WebCache.h"; sourceTree = "<group>"; };
		2229B5021F7775A70093D884 /* MKAnnotationView+WebCache.m */ = {isa = PBXFileReference; fileEncoding = 4; lastKnownFileType = sourcecode.c.objc; path = "MKAnnotationView+WebCache.m"; sourceTree = "<group>"; };
		2229B5031F7775A70093D884 /* NSData+ImageContentType.h */ = {isa = PBXFileReference; fileEncoding = 4; lastKnownFileType = sourcecode.c.h; path = "NSData+ImageContentType.h"; sourceTree = "<group>"; };
		2229B5041F7775A70093D884 /* NSData+ImageContentType.m */ = {isa = PBXFileReference; fileEncoding = 4; lastKnownFileType = sourcecode.c.objc; path = "NSData+ImageContentType.m"; sourceTree = "<group>"; };
		2229B5051F7775A70093D884 /* NSImage+WebCache.h */ = {isa = PBXFileReference; fileEncoding = 4; lastKnownFileType = sourcecode.c.h; path = "NSImage+WebCache.h"; sourceTree = "<group>"; };
		2229B5061F7775A70093D884 /* NSImage+WebCache.m */ = {isa = PBXFileReference; fileEncoding = 4; lastKnownFileType = sourcecode.c.objc; path = "NSImage+WebCache.m"; sourceTree = "<group>"; };
		2229B5071F7775A70093D884 /* SDImageCache.h */ = {isa = PBXFileReference; fileEncoding = 4; lastKnownFileType = sourcecode.c.h; path = SDImageCache.h; sourceTree = "<group>"; };
		2229B5081F7775A70093D884 /* SDImageCache.m */ = {isa = PBXFileReference; fileEncoding = 4; lastKnownFileType = sourcecode.c.objc; path = SDImageCache.m; sourceTree = "<group>"; };
		2229B5091F7775A70093D884 /* SDImageCacheConfig.h */ = {isa = PBXFileReference; fileEncoding = 4; lastKnownFileType = sourcecode.c.h; path = SDImageCacheConfig.h; sourceTree = "<group>"; };
		2229B50A1F7775A70093D884 /* SDImageCacheConfig.m */ = {isa = PBXFileReference; fileEncoding = 4; lastKnownFileType = sourcecode.c.objc; path = SDImageCacheConfig.m; sourceTree = "<group>"; };
		2229B50B1F7775A70093D884 /* SDWebImageCompat.h */ = {isa = PBXFileReference; fileEncoding = 4; lastKnownFileType = sourcecode.c.h; path = SDWebImageCompat.h; sourceTree = "<group>"; };
		2229B50C1F7775A70093D884 /* SDWebImageCompat.m */ = {isa = PBXFileReference; fileEncoding = 4; lastKnownFileType = sourcecode.c.objc; path = SDWebImageCompat.m; sourceTree = "<group>"; };
		2229B50D1F7775A70093D884 /* SDWebImageDecoder.h */ = {isa = PBXFileReference; fileEncoding = 4; lastKnownFileType = sourcecode.c.h; path = SDWebImageDecoder.h; sourceTree = "<group>"; };
		2229B50E1F7775A70093D884 /* SDWebImageDecoder.m */ = {isa = PBXFileReference; fileEncoding = 4; lastKnownFileType = sourcecode.c.objc; path = SDWebImageDecoder.m; sourceTree = "<group>"; };
		2229B50F1F7775A70093D884 /* SDWebImageDownloader.h */ = {isa = PBXFileReference; fileEncoding = 4; lastKnownFileType = sourcecode.c.h; path = SDWebImageDownloader.h; sourceTree = "<group>"; };
		2229B5101F7775A70093D884 /* SDWebImageDownloader.m */ = {isa = PBXFileReference; fileEncoding = 4; lastKnownFileType = sourcecode.c.objc; path = SDWebImageDownloader.m; sourceTree = "<group>"; };
		2229B5111F7775A70093D884 /* SDWebImageDownloaderOperation.h */ = {isa = PBXFileReference; fileEncoding = 4; lastKnownFileType = sourcecode.c.h; path = SDWebImageDownloaderOperation.h; sourceTree = "<group>"; };
		2229B5121F7775A70093D884 /* SDWebImageDownloaderOperation.m */ = {isa = PBXFileReference; fileEncoding = 4; lastKnownFileType = sourcecode.c.objc; path = SDWebImageDownloaderOperation.m; sourceTree = "<group>"; };
		2229B5131F7775A70093D884 /* SDWebImageManager.h */ = {isa = PBXFileReference; fileEncoding = 4; lastKnownFileType = sourcecode.c.h; path = SDWebImageManager.h; sourceTree = "<group>"; };
		2229B5141F7775A70093D884 /* SDWebImageManager.m */ = {isa = PBXFileReference; fileEncoding = 4; lastKnownFileType = sourcecode.c.objc; path = SDWebImageManager.m; sourceTree = "<group>"; };
		2229B5151F7775A70093D884 /* SDWebImageOperation.h */ = {isa = PBXFileReference; fileEncoding = 4; lastKnownFileType = sourcecode.c.h; path = SDWebImageOperation.h; sourceTree = "<group>"; };
		2229B5161F7775A70093D884 /* SDWebImagePrefetcher.h */ = {isa = PBXFileReference; fileEncoding = 4; lastKnownFileType = sourcecode.c.h; path = SDWebImagePrefetcher.h; sourceTree = "<group>"; };
		2229B5171F7775A70093D884 /* SDWebImagePrefetcher.m */ = {isa = PBXFileReference; fileEncoding = 4; lastKnownFileType = sourcecode.c.objc; path = SDWebImagePrefetcher.m; sourceTree = "<group>"; };
		2229B5181F7775A70093D884 /* UIButton+WebCache.h */ = {isa = PBXFileReference; fileEncoding = 4; lastKnownFileType = sourcecode.c.h; path = "UIButton+WebCache.h"; sourceTree = "<group>"; };
		2229B5191F7775A70093D884 /* UIButton+WebCache.m */ = {isa = PBXFileReference; fileEncoding = 4; lastKnownFileType = sourcecode.c.objc; path = "UIButton+WebCache.m"; sourceTree = "<group>"; };
		2229B51A1F7775A70093D884 /* UIImage+GIF.h */ = {isa = PBXFileReference; fileEncoding = 4; lastKnownFileType = sourcecode.c.h; path = "UIImage+GIF.h"; sourceTree = "<group>"; };
		2229B51B1F7775A70093D884 /* UIImage+GIF.m */ = {isa = PBXFileReference; fileEncoding = 4; lastKnownFileType = sourcecode.c.objc; path = "UIImage+GIF.m"; sourceTree = "<group>"; };
		2229B51C1F7775A70093D884 /* UIImage+MultiFormat.h */ = {isa = PBXFileReference; fileEncoding = 4; lastKnownFileType = sourcecode.c.h; path = "UIImage+MultiFormat.h"; sourceTree = "<group>"; };
		2229B51D1F7775A70093D884 /* UIImage+MultiFormat.m */ = {isa = PBXFileReference; fileEncoding = 4; lastKnownFileType = sourcecode.c.objc; path = "UIImage+MultiFormat.m"; sourceTree = "<group>"; };
		2229B51E1F7775A70093D884 /* UIImage+WebP.h */ = {isa = PBXFileReference; fileEncoding = 4; lastKnownFileType = sourcecode.c.h; path = "UIImage+WebP.h"; sourceTree = "<group>"; };
		2229B51F1F7775A70093D884 /* UIImage+WebP.m */ = {isa = PBXFileReference; fileEncoding = 4; lastKnownFileType = sourcecode.c.objc; path = "UIImage+WebP.m"; sourceTree = "<group>"; };
		2229B5201F7775A70093D884 /* UIImageView+HighlightedWebCache.h */ = {isa = PBXFileReference; fileEncoding = 4; lastKnownFileType = sourcecode.c.h; path = "UIImageView+HighlightedWebCache.h"; sourceTree = "<group>"; };
		2229B5211F7775A70093D884 /* UIImageView+HighlightedWebCache.m */ = {isa = PBXFileReference; fileEncoding = 4; lastKnownFileType = sourcecode.c.objc; path = "UIImageView+HighlightedWebCache.m"; sourceTree = "<group>"; };
		2229B5221F7775A70093D884 /* UIImageView+WebCache.h */ = {isa = PBXFileReference; fileEncoding = 4; lastKnownFileType = sourcecode.c.h; path = "UIImageView+WebCache.h"; sourceTree = "<group>"; };
		2229B5231F7775A70093D884 /* UIImageView+WebCache.m */ = {isa = PBXFileReference; fileEncoding = 4; lastKnownFileType = sourcecode.c.objc; path = "UIImageView+WebCache.m"; sourceTree = "<group>"; };
		2229B5241F7775A70093D884 /* UIView+WebCache.h */ = {isa = PBXFileReference; fileEncoding = 4; lastKnownFileType = sourcecode.c.h; path = "UIView+WebCache.h"; sourceTree = "<group>"; };
		2229B5251F7775A70093D884 /* UIView+WebCache.m */ = {isa = PBXFileReference; fileEncoding = 4; lastKnownFileType = sourcecode.c.objc; path = "UIView+WebCache.m"; sourceTree = "<group>"; };
		2229B5261F7775A70093D884 /* UIView+WebCacheOperation.h */ = {isa = PBXFileReference; fileEncoding = 4; lastKnownFileType = sourcecode.c.h; path = "UIView+WebCacheOperation.h"; sourceTree = "<group>"; };
		2229B5271F7775A70093D884 /* UIView+WebCacheOperation.m */ = {isa = PBXFileReference; fileEncoding = 4; lastKnownFileType = sourcecode.c.objc; path = "UIView+WebCacheOperation.m"; sourceTree = "<group>"; };
		2229B53C1F7780EF0093D884 /* MIFinalLookPictureCell.h */ = {isa = PBXFileReference; fileEncoding = 4; lastKnownFileType = sourcecode.c.h; path = MIFinalLookPictureCell.h; sourceTree = "<group>"; };
		2229B53D1F7780EF0093D884 /* MIFinalLookPictureCell.m */ = {isa = PBXFileReference; fileEncoding = 4; lastKnownFileType = sourcecode.c.objc; path = MIFinalLookPictureCell.m; sourceTree = "<group>"; };
		2229B53E1F7780EF0093D884 /* MIFinalLookPictureCell.xib */ = {isa = PBXFileReference; fileEncoding = 4; lastKnownFileType = file.xib; path = MIFinalLookPictureCell.xib; sourceTree = "<group>"; };
		2229B5461F7786C20093D884 /* MIWhatAreYouWearingCell.h */ = {isa = PBXFileReference; fileEncoding = 4; lastKnownFileType = sourcecode.c.h; path = MIWhatAreYouWearingCell.h; sourceTree = "<group>"; };
		2229B5471F7786C20093D884 /* MIWhatAreYouWearingCell.m */ = {isa = PBXFileReference; fileEncoding = 4; lastKnownFileType = sourcecode.c.objc; path = MIWhatAreYouWearingCell.m; sourceTree = "<group>"; };
		2229B5481F7786C20093D884 /* MIWhatAreYouWearingCell.xib */ = {isa = PBXFileReference; fileEncoding = 4; lastKnownFileType = file.xib; path = MIWhatAreYouWearingCell.xib; sourceTree = "<group>"; };
		2229B54B1F7786DB0093D884 /* MIWhereAreYouGoingCell.h */ = {isa = PBXFileReference; fileEncoding = 4; lastKnownFileType = sourcecode.c.h; path = MIWhereAreYouGoingCell.h; sourceTree = "<group>"; };
		2229B54C1F7786DB0093D884 /* MIWhereAreYouGoingCell.m */ = {isa = PBXFileReference; fileEncoding = 4; lastKnownFileType = sourcecode.c.objc; path = MIWhereAreYouGoingCell.m; sourceTree = "<group>"; };
		2229B54D1F7786DB0093D884 /* MIWhereAreYouGoingCell.xib */ = {isa = PBXFileReference; fileEncoding = 4; lastKnownFileType = file.xib; path = MIWhereAreYouGoingCell.xib; sourceTree = "<group>"; };
		2229B5501F7786FA0093D884 /* MIWhomAreYourMeetingCell.h */ = {isa = PBXFileReference; fileEncoding = 4; lastKnownFileType = sourcecode.c.h; path = MIWhomAreYourMeetingCell.h; sourceTree = "<group>"; };
		2229B5511F7786FA0093D884 /* MIWhomAreYourMeetingCell.m */ = {isa = PBXFileReference; fileEncoding = 4; lastKnownFileType = sourcecode.c.objc; path = MIWhomAreYourMeetingCell.m; sourceTree = "<group>"; };
		2229B5521F7786FA0093D884 /* MIWhomAreYourMeetingCell.xib */ = {isa = PBXFileReference; fileEncoding = 4; lastKnownFileType = file.xib; path = MIWhomAreYourMeetingCell.xib; sourceTree = "<group>"; };
		223C071F1F7BCB5200328974 /* MIWardrobeListTableViewCell.h */ = {isa = PBXFileReference; fileEncoding = 4; lastKnownFileType = sourcecode.c.h; path = MIWardrobeListTableViewCell.h; sourceTree = "<group>"; };
		223C07201F7BCB5200328974 /* MIWardrobeListTableViewCell.m */ = {isa = PBXFileReference; fileEncoding = 4; lastKnownFileType = sourcecode.c.objc; path = MIWardrobeListTableViewCell.m; sourceTree = "<group>"; };
		223C07211F7BCB5200328974 /* MIWardrobeListTableViewCell.xib */ = {isa = PBXFileReference; fileEncoding = 4; lastKnownFileType = file.xib; path = MIWardrobeListTableViewCell.xib; sourceTree = "<group>"; };
		223C07251F7BCC3900328974 /* MIWardrobeIndividualView.h */ = {isa = PBXFileReference; fileEncoding = 4; lastKnownFileType = sourcecode.c.h; path = MIWardrobeIndividualView.h; sourceTree = "<group>"; };
		223C07261F7BCC3900328974 /* MIWardrobeIndividualView.m */ = {isa = PBXFileReference; fileEncoding = 4; lastKnownFileType = sourcecode.c.objc; path = MIWardrobeIndividualView.m; sourceTree = "<group>"; };
		223C07281F7BCD2300328974 /* MIWardrobeIndividualView.xib */ = {isa = PBXFileReference; fileEncoding = 4; lastKnownFileType = file.xib; path = MIWardrobeIndividualView.xib; sourceTree = "<group>"; };
		223C072A1F7BCE1600328974 /* MIWardrobeTableHeaderView.h */ = {isa = PBXFileReference; fileEncoding = 4; lastKnownFileType = sourcecode.c.h; path = MIWardrobeTableHeaderView.h; sourceTree = "<group>"; };
		223C072B1F7BCE1600328974 /* MIWardrobeTableHeaderView.m */ = {isa = PBXFileReference; fileEncoding = 4; lastKnownFileType = sourcecode.c.objc; path = MIWardrobeTableHeaderView.m; sourceTree = "<group>"; };
		223C072D1F7BCE2900328974 /* MIWardrobeTableHeaderView.xib */ = {isa = PBXFileReference; fileEncoding = 4; lastKnownFileType = file.xib; path = MIWardrobeTableHeaderView.xib; sourceTree = "<group>"; };
		223C07301F7BDB4800328974 /* MIWardrobeIndividualData.h */ = {isa = PBXFileReference; fileEncoding = 4; lastKnownFileType = sourcecode.c.h; path = MIWardrobeIndividualData.h; sourceTree = "<group>"; };
		223C07311F7BDB4800328974 /* MIWardrobeIndividualData.m */ = {isa = PBXFileReference; fileEncoding = 4; lastKnownFileType = sourcecode.c.objc; path = MIWardrobeIndividualData.m; sourceTree = "<group>"; };
		22542FC11F72AB1F00710D92 /* Monoisto.app */ = {isa = PBXFileReference; explicitFileType = wrapper.application; includeInIndex = 0; path = Monoisto.app; sourceTree = BUILT_PRODUCTS_DIR; };
		22542FC51F72AB1F00710D92 /* main.m */ = {isa = PBXFileReference; lastKnownFileType = sourcecode.c.objc; path = main.m; sourceTree = "<group>"; };
		22542FC71F72AB1F00710D92 /* AppDelegate.h */ = {isa = PBXFileReference; lastKnownFileType = sourcecode.c.h; path = AppDelegate.h; sourceTree = "<group>"; };
		22542FC81F72AB1F00710D92 /* AppDelegate.m */ = {isa = PBXFileReference; lastKnownFileType = sourcecode.c.objc; path = AppDelegate.m; sourceTree = "<group>"; };
		22542FD01F72AB1F00710D92 /* Assets.xcassets */ = {isa = PBXFileReference; lastKnownFileType = folder.assetcatalog; path = Assets.xcassets; sourceTree = "<group>"; };
		22542FD31F72AB1F00710D92 /* Base */ = {isa = PBXFileReference; lastKnownFileType = file.storyboard; name = Base; path = Base.lproj/LaunchScreen.storyboard; sourceTree = "<group>"; };
		22542FD51F72AB1F00710D92 /* Info.plist */ = {isa = PBXFileReference; lastKnownFileType = text.plist.xml; path = Info.plist; sourceTree = "<group>"; };
		225430001F72AE6300710D92 /* MILandingViewController.h */ = {isa = PBXFileReference; fileEncoding = 4; lastKnownFileType = sourcecode.c.h; path = MILandingViewController.h; sourceTree = "<group>"; };
		225430011F72AE6300710D92 /* MILandingViewController.m */ = {isa = PBXFileReference; fileEncoding = 4; lastKnownFileType = sourcecode.c.objc; path = MILandingViewController.m; sourceTree = "<group>"; };
		225430021F72AE6300710D92 /* MISignInViewController.h */ = {isa = PBXFileReference; fileEncoding = 4; lastKnownFileType = sourcecode.c.h; path = MISignInViewController.h; sourceTree = "<group>"; };
		225430031F72AE6300710D92 /* MISignInViewController.m */ = {isa = PBXFileReference; fileEncoding = 4; lastKnownFileType = sourcecode.c.objc; path = MISignInViewController.m; sourceTree = "<group>"; };
		225430041F72AE6300710D92 /* MISignUpViewController.h */ = {isa = PBXFileReference; fileEncoding = 4; lastKnownFileType = sourcecode.c.h; path = MISignUpViewController.h; sourceTree = "<group>"; };
		225430051F72AE6300710D92 /* MISignUpViewController.m */ = {isa = PBXFileReference; fileEncoding = 4; lastKnownFileType = sourcecode.c.objc; path = MISignUpViewController.m; sourceTree = "<group>"; };
		2254300C1F72AEA200710D92 /* MILoginStoryboard.storyboard */ = {isa = PBXFileReference; fileEncoding = 4; lastKnownFileType = file.storyboard; path = MILoginStoryboard.storyboard; sourceTree = "<group>"; };
/* End PBXFileReference section */

/* Begin PBXFrameworksBuildPhase section */
		22542FBE1F72AB1F00710D92 /* Frameworks */ = {
			isa = PBXFrameworksBuildPhase;
			buildActionMask = 2147483647;
			files = (
			);
			runOnlyForDeploymentPostprocessing = 0;
		};
/* End PBXFrameworksBuildPhase section */

/* Begin PBXGroup section */
		2229B4E21F7404230093D884 /* TabBarFlow */ = {
			isa = PBXGroup;
			children = (
				223C07241F7BCC0B00328974 /* HeaderAndFooter */,
				2229B4E31F7404230093D884 /* TableCells */,
				2229B4E41F7404490093D884 /* MITabBarViewController.h */,
				2229B4E51F7404490093D884 /* MITabBarViewController.m */,
				2229B4E71F7404770093D884 /* MIHomeViewController.h */,
				2229B4E81F7404770093D884 /* MIHomeViewController.m */,
				2229B4EA1F74048E0093D884 /* MIIstoViewController.h */,
				2229B4EB1F74048E0093D884 /* MIIstoViewController.m */,
				2229B4ED1F7404BF0093D884 /* MIsearchViewController.h */,
				2229B4EE1F7404BF0093D884 /* MIsearchViewController.m */,
				2229B4F01F7404D20093D884 /* MIWardrobeViewController.h */,
				2229B4F11F7404D20093D884 /* MIWardrobeViewController.m */,
				2229B4F31F7404E80093D884 /* MIMenuViewController.h */,
				2229B4F41F7404E80093D884 /* MIMenuViewController.m */,
			);
			path = TabBarFlow;
			sourceTree = "<group>";
		};
		2229B4E31F7404230093D884 /* TableCells */ = {
			isa = PBXGroup;
			children = (
				2229B4F81F74053C0093D884 /* MIHomeIstoPostTableViewCell.h */,
				2229B4F91F74053C0093D884 /* MIHomeIstoPostTableViewCell.m */,
				2229B4FA1F74053C0093D884 /* MIHomeIstoPostTableViewCell.xib */,
				2229B53C1F7780EF0093D884 /* MIFinalLookPictureCell.h */,
				2229B53D1F7780EF0093D884 /* MIFinalLookPictureCell.m */,
				2229B53E1F7780EF0093D884 /* MIFinalLookPictureCell.xib */,
				2229B5461F7786C20093D884 /* MIWhatAreYouWearingCell.h */,
				2229B5471F7786C20093D884 /* MIWhatAreYouWearingCell.m */,
				2229B5481F7786C20093D884 /* MIWhatAreYouWearingCell.xib */,
				2229B54B1F7786DB0093D884 /* MIWhereAreYouGoingCell.h */,
				2229B54C1F7786DB0093D884 /* MIWhereAreYouGoingCell.m */,
				2229B54D1F7786DB0093D884 /* MIWhereAreYouGoingCell.xib */,
				2229B5501F7786FA0093D884 /* MIWhomAreYourMeetingCell.h */,
				2229B5511F7786FA0093D884 /* MIWhomAreYourMeetingCell.m */,
				2229B5521F7786FA0093D884 /* MIWhomAreYourMeetingCell.xib */,
				223C071F1F7BCB5200328974 /* MIWardrobeListTableViewCell.h */,
				223C07201F7BCB5200328974 /* MIWardrobeListTableViewCell.m */,
				223C07211F7BCB5200328974 /* MIWardrobeListTableViewCell.xib */,
			);
			path = TableCells;
			sourceTree = "<group>";
		};
		2229B4FD1F7775A70093D884 /* SDWebImage */ = {
			isa = PBXGroup;
			children = (
				2229B4FE1F7775A70093D884 /* FLAnimatedImage */,
				2229B5011F7775A70093D884 /* MKAnnotationView+WebCache.h */,
				2229B5021F7775A70093D884 /* MKAnnotationView+WebCache.m */,
				2229B5031F7775A70093D884 /* NSData+ImageContentType.h */,
				2229B5041F7775A70093D884 /* NSData+ImageContentType.m */,
				2229B5051F7775A70093D884 /* NSImage+WebCache.h */,
				2229B5061F7775A70093D884 /* NSImage+WebCache.m */,
				2229B5071F7775A70093D884 /* SDImageCache.h */,
				2229B5081F7775A70093D884 /* SDImageCache.m */,
				2229B5091F7775A70093D884 /* SDImageCacheConfig.h */,
				2229B50A1F7775A70093D884 /* SDImageCacheConfig.m */,
				2229B50B1F7775A70093D884 /* SDWebImageCompat.h */,
				2229B50C1F7775A70093D884 /* SDWebImageCompat.m */,
				2229B50D1F7775A70093D884 /* SDWebImageDecoder.h */,
				2229B50E1F7775A70093D884 /* SDWebImageDecoder.m */,
				2229B50F1F7775A70093D884 /* SDWebImageDownloader.h */,
				2229B5101F7775A70093D884 /* SDWebImageDownloader.m */,
				2229B5111F7775A70093D884 /* SDWebImageDownloaderOperation.h */,
				2229B5121F7775A70093D884 /* SDWebImageDownloaderOperation.m */,
				2229B5131F7775A70093D884 /* SDWebImageManager.h */,
				2229B5141F7775A70093D884 /* SDWebImageManager.m */,
				2229B5151F7775A70093D884 /* SDWebImageOperation.h */,
				2229B5161F7775A70093D884 /* SDWebImagePrefetcher.h */,
				2229B5171F7775A70093D884 /* SDWebImagePrefetcher.m */,
				2229B5181F7775A70093D884 /* UIButton+WebCache.h */,
				2229B5191F7775A70093D884 /* UIButton+WebCache.m */,
				2229B51A1F7775A70093D884 /* UIImage+GIF.h */,
				2229B51B1F7775A70093D884 /* UIImage+GIF.m */,
				2229B51C1F7775A70093D884 /* UIImage+MultiFormat.h */,
				2229B51D1F7775A70093D884 /* UIImage+MultiFormat.m */,
				2229B51E1F7775A70093D884 /* UIImage+WebP.h */,
				2229B51F1F7775A70093D884 /* UIImage+WebP.m */,
				2229B5201F7775A70093D884 /* UIImageView+HighlightedWebCache.h */,
				2229B5211F7775A70093D884 /* UIImageView+HighlightedWebCache.m */,
				2229B5221F7775A70093D884 /* UIImageView+WebCache.h */,
				2229B5231F7775A70093D884 /* UIImageView+WebCache.m */,
				2229B5241F7775A70093D884 /* UIView+WebCache.h */,
				2229B5251F7775A70093D884 /* UIView+WebCache.m */,
				2229B5261F7775A70093D884 /* UIView+WebCacheOperation.h */,
				2229B5271F7775A70093D884 /* UIView+WebCacheOperation.m */,
			);
			path = SDWebImage;
			sourceTree = "<group>";
		};
		2229B4FE1F7775A70093D884 /* FLAnimatedImage */ = {
			isa = PBXGroup;
			children = (
				2229B4FF1F7775A70093D884 /* FLAnimatedImageView+WebCache.h */,
				2229B5001F7775A70093D884 /* FLAnimatedImageView+WebCache.m */,
			);
			path = FLAnimatedImage;
			sourceTree = "<group>";
		};
		223C07241F7BCC0B00328974 /* HeaderAndFooter */ = {
			isa = PBXGroup;
			children = (
				223C07251F7BCC3900328974 /* MIWardrobeIndividualView.h */,
				223C07261F7BCC3900328974 /* MIWardrobeIndividualView.m */,
				223C07281F7BCD2300328974 /* MIWardrobeIndividualView.xib */,
				223C072A1F7BCE1600328974 /* MIWardrobeTableHeaderView.h */,
				223C072B1F7BCE1600328974 /* MIWardrobeTableHeaderView.m */,
				223C072D1F7BCE2900328974 /* MIWardrobeTableHeaderView.xib */,
			);
			path = HeaderAndFooter;
			sourceTree = "<group>";
		};
		223C072F1F7BDB3000328974 /* ModelClass */ = {
			isa = PBXGroup;
			children = (
				223C07301F7BDB4800328974 /* MIWardrobeIndividualData.h */,
				223C07311F7BDB4800328974 /* MIWardrobeIndividualData.m */,
			);
			path = ModelClass;
			sourceTree = "<group>";
		};
		22542FB81F72AB1F00710D92 = {
			isa = PBXGroup;
			children = (
				22542FC31F72AB1F00710D92 /* Monoisto */,
				22542FC21F72AB1F00710D92 /* Products */,
			);
			sourceTree = "<group>";
		};
		22542FC21F72AB1F00710D92 /* Products */ = {
			isa = PBXGroup;
			children = (
				22542FC11F72AB1F00710D92 /* Monoisto.app */,
			);
			name = Products;
			sourceTree = "<group>";
		};
		22542FC31F72AB1F00710D92 /* Monoisto */ = {
			isa = PBXGroup;
			children = (
				223C072F1F7BDB3000328974 /* ModelClass */,
				225430091F72AE7D00710D92 /* Frameworks */,
				2254300A1F72AE7D00710D92 /* HelperClasses */,
				2254300B1F72AE7D00710D92 /* Storyboards */,
				22542FFE1F72AE6300710D92 /* ViewControllers */,
				22542FC71F72AB1F00710D92 /* AppDelegate.h */,
				22542FC81F72AB1F00710D92 /* AppDelegate.m */,
				22542FD01F72AB1F00710D92 /* Assets.xcassets */,
				22542FD21F72AB1F00710D92 /* LaunchScreen.storyboard */,
				22542FD51F72AB1F00710D92 /* Info.plist */,
				22542FC41F72AB1F00710D92 /* Supporting Files */,
			);
			path = Monoisto;
			sourceTree = "<group>";
		};
		22542FC41F72AB1F00710D92 /* Supporting Files */ = {
			isa = PBXGroup;
			children = (
				22542FC51F72AB1F00710D92 /* main.m */,
			);
			name = "Supporting Files";
			sourceTree = "<group>";
		};
		22542FFE1F72AE6300710D92 /* ViewControllers */ = {
			isa = PBXGroup;
			children = (
				2229B4E21F7404230093D884 /* TabBarFlow */,
				22542FFF1F72AE6300710D92 /* LoginFlow */,
			);
			path = ViewControllers;
			sourceTree = "<group>";
		};
		22542FFF1F72AE6300710D92 /* LoginFlow */ = {
			isa = PBXGroup;
			children = (
				225430001F72AE6300710D92 /* MILandingViewController.h */,
				225430011F72AE6300710D92 /* MILandingViewController.m */,
				225430021F72AE6300710D92 /* MISignInViewController.h */,
				225430031F72AE6300710D92 /* MISignInViewController.m */,
				225430041F72AE6300710D92 /* MISignUpViewController.h */,
				225430051F72AE6300710D92 /* MISignUpViewController.m */,
			);
			path = LoginFlow;
			sourceTree = "<group>";
		};
		225430091F72AE7D00710D92 /* Frameworks */ = {
			isa = PBXGroup;
			children = (
				2229B4FD1F7775A70093D884 /* SDWebImage */,
			);
			path = Frameworks;
			sourceTree = "<group>";
		};
		2254300A1F72AE7D00710D92 /* HelperClasses */ = {
			isa = PBXGroup;
			children = (
			);
			path = HelperClasses;
			sourceTree = "<group>";
		};
		2254300B1F72AE7D00710D92 /* Storyboards */ = {
			isa = PBXGroup;
			children = (
				2254300C1F72AEA200710D92 /* MILoginStoryboard.storyboard */,
				2229B4F61F7405070093D884 /* MITabBarStoryboard.storyboard */,
			);
			path = Storyboards;
			sourceTree = "<group>";
		};
/* End PBXGroup section */

/* Begin PBXNativeTarget section */
		22542FC01F72AB1F00710D92 /* Monoisto */ = {
			isa = PBXNativeTarget;
			buildConfigurationList = 22542FD81F72AB1F00710D92 /* Build configuration list for PBXNativeTarget "Monoisto" */;
			buildPhases = (
				22542FBD1F72AB1F00710D92 /* Sources */,
				22542FBE1F72AB1F00710D92 /* Frameworks */,
				22542FBF1F72AB1F00710D92 /* Resources */,
			);
			buildRules = (
			);
			dependencies = (
			);
			name = Monoisto;
			productName = Monoisto;
			productReference = 22542FC11F72AB1F00710D92 /* Monoisto.app */;
			productType = "com.apple.product-type.application";
		};
/* End PBXNativeTarget section */

/* Begin PBXProject section */
		22542FB91F72AB1F00710D92 /* Project object */ = {
			isa = PBXProject;
			attributes = {
				LastUpgradeCheck = 0830;
				ORGANIZATIONNAME = "Ankit Jain";
				TargetAttributes = {
					22542FC01F72AB1F00710D92 = {
						CreatedOnToolsVersion = 8.3.3;
						ProvisioningStyle = Automatic;
					};
				};
			};
			buildConfigurationList = 22542FBC1F72AB1F00710D92 /* Build configuration list for PBXProject "Monoisto" */;
			compatibilityVersion = "Xcode 3.2";
			developmentRegion = English;
			hasScannedForEncodings = 0;
			knownRegions = (
				en,
				Base,
			);
			mainGroup = 22542FB81F72AB1F00710D92;
			productRefGroup = 22542FC21F72AB1F00710D92 /* Products */;
			projectDirPath = "";
			projectRoot = "";
			targets = (
				22542FC01F72AB1F00710D92 /* Monoisto */,
			);
		};
/* End PBXProject section */

/* Begin PBXResourcesBuildPhase section */
		22542FBF1F72AB1F00710D92 /* Resources */ = {
			isa = PBXResourcesBuildPhase;
			buildActionMask = 2147483647;
			files = (
				22542FD41F72AB1F00710D92 /* LaunchScreen.storyboard in Resources */,
				2229B5541F7786FA0093D884 /* MIWhomAreYourMeetingCell.xib in Resources */,
				223C072E1F7BCE2900328974 /* MIWardrobeTableHeaderView.xib in Resources */,
				22542FD11F72AB1F00710D92 /* Assets.xcassets in Resources */,
				2229B54A1F7786C20093D884 /* MIWhatAreYouWearingCell.xib in Resources */,
				2254300D1F72AEA200710D92 /* MILoginStoryboard.storyboard in Resources */,
				223C07291F7BCD2300328974 /* MIWardrobeIndividualView.xib in Resources */,
				2229B4F71F7405070093D884 /* MITabBarStoryboard.storyboard in Resources */,
				2229B54F1F7786DB0093D884 /* MIWhereAreYouGoingCell.xib in Resources */,
				223C07231F7BCB5200328974 /* MIWardrobeListTableViewCell.xib in Resources */,
				2229B5401F7780EF0093D884 /* MIFinalLookPictureCell.xib in Resources */,
				2229B4FC1F74053C0093D884 /* MIHomeIstoPostTableViewCell.xib in Resources */,
			);
			runOnlyForDeploymentPostprocessing = 0;
		};
/* End PBXResourcesBuildPhase section */

/* Begin PBXSourcesBuildPhase section */
		22542FBD1F72AB1F00710D92 /* Sources */ = {
			isa = PBXSourcesBuildPhase;
			buildActionMask = 2147483647;
			files = (
				2229B5351F7775A70093D884 /* UIImage+GIF.m in Sources */,
				2229B5321F7775A70093D884 /* SDWebImageManager.m in Sources */,
				2229B5391F7775A70093D884 /* UIImageView+WebCache.m in Sources */,
				2229B5311F7775A70093D884 /* SDWebImageDownloaderOperation.m in Sources */,
				225430071F72AE6300710D92 /* MISignInViewController.m in Sources */,
				2229B52D1F7775A70093D884 /* SDImageCacheConfig.m in Sources */,
				22542FC91F72AB1F00710D92 /* AppDelegate.m in Sources */,
				223C07271F7BCC3900328974 /* MIWardrobeIndividualView.m in Sources */,
				2229B4E61F7404490093D884 /* MITabBarViewController.m in Sources */,
				2229B5361F7775A70093D884 /* UIImage+MultiFormat.m in Sources */,
				2229B5281F7775A70093D884 /* FLAnimatedImageView+WebCache.m in Sources */,
				225430061F72AE6300710D92 /* MILandingViewController.m in Sources */,
				2229B4F51F7404E80093D884 /* MIMenuViewController.m in Sources */,
				223C07221F7BCB5200328974 /* MIWardrobeListTableViewCell.m in Sources */,
				2229B53A1F7775A70093D884 /* UIView+WebCache.m in Sources */,
				2229B5371F7775A70093D884 /* UIImage+WebP.m in Sources */,
				2229B5331F7775A70093D884 /* SDWebImagePrefetcher.m in Sources */,
				2229B53F1F7780EF0093D884 /* MIFinalLookPictureCell.m in Sources */,
				225430081F72AE6300710D92 /* MISignUpViewController.m in Sources */,
				2229B4EF1F7404BF0093D884 /* MIsearchViewController.m in Sources */,
				2229B5531F7786FA0093D884 /* MIWhomAreYourMeetingCell.m in Sources */,
				2229B4F21F7404D20093D884 /* MIWardrobeViewController.m in Sources */,
				2229B52E1F7775A70093D884 /* SDWebImageCompat.m in Sources */,
				2229B4EC1F74048E0093D884 /* MIIstoViewController.m in Sources */,
				2229B52F1F7775A70093D884 /* SDWebImageDecoder.m in Sources */,
				2229B52A1F7775A70093D884 /* NSData+ImageContentType.m in Sources */,
				223C072C1F7BCE1600328974 /* MIWardrobeTableHeaderView.m in Sources */,
				2229B5381F7775A70093D884 /* UIImageView+HighlightedWebCache.m in Sources */,
				223C07321F7BDB4800328974 /* MIWardrobeIndividualData.m in Sources */,
				2229B5341F7775A70093D884 /* UIButton+WebCache.m in Sources */,
				2229B54E1F7786DB0093D884 /* MIWhereAreYouGoingCell.m in Sources */,
				2229B4E91F7404770093D884 /* MIHomeViewController.m in Sources */,
				2229B52C1F7775A70093D884 /* SDImageCache.m in Sources */,
				2229B5291F7775A70093D884 /* MKAnnotationView+WebCache.m in Sources */,
				22542FC61F72AB1F00710D92 /* main.m in Sources */,
				2229B53B1F7775A70093D884 /* UIView+WebCacheOperation.m in Sources */,
				2229B52B1F7775A70093D884 /* NSImage+WebCache.m in Sources */,
				2229B5301F7775A70093D884 /* SDWebImageDownloader.m in Sources */,
				2229B5491F7786C20093D884 /* MIWhatAreYouWearingCell.m in Sources */,
				2229B4FB1F74053C0093D884 /* MIHomeIstoPostTableViewCell.m in Sources */,
			);
			runOnlyForDeploymentPostprocessing = 0;
		};
/* End PBXSourcesBuildPhase section */

/* Begin PBXVariantGroup section */
		22542FD21F72AB1F00710D92 /* LaunchScreen.storyboard */ = {
			isa = PBXVariantGroup;
			children = (
				22542FD31F72AB1F00710D92 /* Base */,
			);
			name = LaunchScreen.storyboard;
			sourceTree = "<group>";
		};
/* End PBXVariantGroup section */

/* Begin XCBuildConfiguration section */
		22542FD61F72AB1F00710D92 /* Debug */ = {
			isa = XCBuildConfiguration;
			buildSettings = {
				ALWAYS_SEARCH_USER_PATHS = NO;
				CLANG_ANALYZER_NONNULL = YES;
				CLANG_ANALYZER_NUMBER_OBJECT_CONVERSION = YES_AGGRESSIVE;
				CLANG_CXX_LANGUAGE_STANDARD = "gnu++0x";
				CLANG_CXX_LIBRARY = "libc++";
				CLANG_ENABLE_MODULES = YES;
				CLANG_ENABLE_OBJC_ARC = YES;
				CLANG_WARN_BOOL_CONVERSION = YES;
				CLANG_WARN_CONSTANT_CONVERSION = YES;
				CLANG_WARN_DIRECT_OBJC_ISA_USAGE = YES_ERROR;
				CLANG_WARN_DOCUMENTATION_COMMENTS = YES;
				CLANG_WARN_EMPTY_BODY = YES;
				CLANG_WARN_ENUM_CONVERSION = YES;
				CLANG_WARN_INFINITE_RECURSION = YES;
				CLANG_WARN_INT_CONVERSION = YES;
				CLANG_WARN_OBJC_ROOT_CLASS = YES_ERROR;
				CLANG_WARN_SUSPICIOUS_MOVE = YES;
				CLANG_WARN_UNREACHABLE_CODE = YES;
				CLANG_WARN__DUPLICATE_METHOD_MATCH = YES;
				"CODE_SIGN_IDENTITY[sdk=iphoneos*]" = "iPhone Developer";
				COPY_PHASE_STRIP = NO;
				DEBUG_INFORMATION_FORMAT = dwarf;
				ENABLE_STRICT_OBJC_MSGSEND = YES;
				ENABLE_TESTABILITY = YES;
				GCC_C_LANGUAGE_STANDARD = gnu99;
				GCC_DYNAMIC_NO_PIC = NO;
				GCC_NO_COMMON_BLOCKS = YES;
				GCC_OPTIMIZATION_LEVEL = 0;
				GCC_PREPROCESSOR_DEFINITIONS = (
					"DEBUG=1",
					"$(inherited)",
				);
				GCC_WARN_64_TO_32_BIT_CONVERSION = YES;
				GCC_WARN_ABOUT_RETURN_TYPE = YES_ERROR;
				GCC_WARN_UNDECLARED_SELECTOR = YES;
				GCC_WARN_UNINITIALIZED_AUTOS = YES_AGGRESSIVE;
				GCC_WARN_UNUSED_FUNCTION = YES;
				GCC_WARN_UNUSED_VARIABLE = YES;
				IPHONEOS_DEPLOYMENT_TARGET = 10.3;
				MTL_ENABLE_DEBUG_INFO = YES;
				ONLY_ACTIVE_ARCH = YES;
				SDKROOT = iphoneos;
			};
			name = Debug;
		};
		22542FD71F72AB1F00710D92 /* Release */ = {
			isa = XCBuildConfiguration;
			buildSettings = {
				ALWAYS_SEARCH_USER_PATHS = NO;
				CLANG_ANALYZER_NONNULL = YES;
				CLANG_ANALYZER_NUMBER_OBJECT_CONVERSION = YES_AGGRESSIVE;
				CLANG_CXX_LANGUAGE_STANDARD = "gnu++0x";
				CLANG_CXX_LIBRARY = "libc++";
				CLANG_ENABLE_MODULES = YES;
				CLANG_ENABLE_OBJC_ARC = YES;
				CLANG_WARN_BOOL_CONVERSION = YES;
				CLANG_WARN_CONSTANT_CONVERSION = YES;
				CLANG_WARN_DIRECT_OBJC_ISA_USAGE = YES_ERROR;
				CLANG_WARN_DOCUMENTATION_COMMENTS = YES;
				CLANG_WARN_EMPTY_BODY = YES;
				CLANG_WARN_ENUM_CONVERSION = YES;
				CLANG_WARN_INFINITE_RECURSION = YES;
				CLANG_WARN_INT_CONVERSION = YES;
				CLANG_WARN_OBJC_ROOT_CLASS = YES_ERROR;
				CLANG_WARN_SUSPICIOUS_MOVE = YES;
				CLANG_WARN_UNREACHABLE_CODE = YES;
				CLANG_WARN__DUPLICATE_METHOD_MATCH = YES;
				"CODE_SIGN_IDENTITY[sdk=iphoneos*]" = "iPhone Developer";
				COPY_PHASE_STRIP = NO;
				DEBUG_INFORMATION_FORMAT = "dwarf-with-dsym";
				ENABLE_NS_ASSERTIONS = NO;
				ENABLE_STRICT_OBJC_MSGSEND = YES;
				GCC_C_LANGUAGE_STANDARD = gnu99;
				GCC_NO_COMMON_BLOCKS = YES;
				GCC_WARN_64_TO_32_BIT_CONVERSION = YES;
				GCC_WARN_ABOUT_RETURN_TYPE = YES_ERROR;
				GCC_WARN_UNDECLARED_SELECTOR = YES;
				GCC_WARN_UNINITIALIZED_AUTOS = YES_AGGRESSIVE;
				GCC_WARN_UNUSED_FUNCTION = YES;
				GCC_WARN_UNUSED_VARIABLE = YES;
				IPHONEOS_DEPLOYMENT_TARGET = 10.3;
				MTL_ENABLE_DEBUG_INFO = NO;
				SDKROOT = iphoneos;
				VALIDATE_PRODUCT = YES;
			};
			name = Release;
		};
		22542FD91F72AB1F00710D92 /* Debug */ = {
			isa = XCBuildConfiguration;
			buildSettings = {
				ASSETCATALOG_COMPILER_APPICON_NAME = AppIcon;
				INFOPLIST_FILE = Monoisto/Info.plist;
				IPHONEOS_DEPLOYMENT_TARGET = 9.0;
				LD_RUNPATH_SEARCH_PATHS = "$(inherited) @executable_path/Frameworks";
				PRODUCT_BUNDLE_IDENTIFIER = MI.Monoisto;
				PRODUCT_NAME = "$(TARGET_NAME)";
			};
			name = Debug;
		};
		22542FDA1F72AB1F00710D92 /* Release */ = {
			isa = XCBuildConfiguration;
			buildSettings = {
				ASSETCATALOG_COMPILER_APPICON_NAME = AppIcon;
				INFOPLIST_FILE = Monoisto/Info.plist;
				IPHONEOS_DEPLOYMENT_TARGET = 9.0;
				LD_RUNPATH_SEARCH_PATHS = "$(inherited) @executable_path/Frameworks";
				PRODUCT_BUNDLE_IDENTIFIER = MI.Monoisto;
				PRODUCT_NAME = "$(TARGET_NAME)";
			};
			name = Release;
		};
/* End XCBuildConfiguration section */

/* Begin XCConfigurationList section */
		22542FBC1F72AB1F00710D92 /* Build configuration list for PBXProject "Monoisto" */ = {
			isa = XCConfigurationList;
			buildConfigurations = (
				22542FD61F72AB1F00710D92 /* Debug */,
				22542FD71F72AB1F00710D92 /* Release */,
			);
			defaultConfigurationIsVisible = 0;
			defaultConfigurationName = Release;
		};
		22542FD81F72AB1F00710D92 /* Build configuration list for PBXNativeTarget "Monoisto" */ = {
			isa = XCConfigurationList;
			buildConfigurations = (
				22542FD91F72AB1F00710D92 /* Debug */,
				22542FDA1F72AB1F00710D92 /* Release */,
			);
			defaultConfigurationIsVisible = 0;
			defaultConfigurationName = Release;
		};
/* End XCConfigurationList section */
	};
	rootObject = 22542FB91F72AB1F00710D92 /* Project object */;
}
